Microsoft Visual Studio Solution File, Format Version 12.00
# Visual Studio Version 17
VisualStudioVersion = 17.8.34330.188
MinimumVisualStudioVersion = 10.0.40219.1
Project("{FAE04EC0-301F-11D3-BF4B-00C04F79EFBC}") = "RotinaActivity", "src\RotinaActivity\RotinaActivity.csproj", "{A3E15998-1C42-4A73-95D9-0123456789AB}"
EndProject
Project("{FAE04EC0-301F-11D3-BF4B-00C04F79EFBC}") = "RotinaActivityAgent", "src\RotinaActivityAgent\RotinaActivityAgent.csproj", "{B8F26009-2D53-5B84-A6E0-9876543210CD}"
EndProject
Global
	GlobalSection(SolutionConfigurationPlatforms) = preSolution
		Debug|Any CPU = Debug|Any CPU
		Release|Any CPU = Release|Any CPU
	EndGlobalSection
	GlobalSection(ProjectConfigurationPlatforms) = postSolution
		{A3E15998-1C42-4A73-95D9-0123456789AB}.Debug|Any CPU.ActiveCfg = Debug|Any CPU
		{A3E15998-1C42-4A73-95D9-0123456789AB}.Debug|Any CPU.Build.0 = Debug|Any CPU
		{A3E15998-1C42-4A73-95D9-0123456789AB}.Release|Any CPU.ActiveCfg = Release|Any CPU
		{A3E15998-1C42-4A73-95D9-0123456789AB}.Release|Any CPU.Build.0 = Release|Any CPU
		{B8F26009-2D53-5B84-A6E0-9876543210CD}.Debug|Any CPU.ActiveCfg = Debug|Any CPU
		{B8F26009-2D53-5B84-A6E0-9876543210CD}.Debug|Any CPU.Build.0 = Debug|Any CPU
		{B8F26009-2D53-5B84-A6E0-9876543210CD}.Release|Any CPU.ActiveCfg = Release|Any CPU
		{B8F26009-2D53-5B84-A6E0-9876543210CD}.Release|Any CPU.Build.0 = Release|Any CPU
	EndGlobalSection
	GlobalSection(SolutionProperties) = preSolution
		HideSolutionNode = FALSE
	EndGlobalSection
EndGlobal
